{
  "name": "yml-conf",
  "version": "1.0.0",
  "lockfileVersion": 3,
  "requires": true,
  "packages": {
    "": {
      "name": "yml-conf",
      "version": "1.0.0",
      "license": "ISC",
      "dependencies": {
        "deepmerge": "^4.3.1",
        "minimist": "^1.2.8",
        "wildcard-match": "^5.1.3",
        "yaml": "^2.6.1"
      }
    },
    "node_modules/deepmerge": {
      "version": "4.3.1",
      "resolved": "https://npm.cartaxi.io/deepmerge/-/deepmerge-4.3.1.tgz",
      "integrity": "sha512-3sUqbMEc77XqpdNO7FRyRog+eW3ph+GYCbj+rK+uYyRMuwsVy0rMiVtPn+QJlKFvWP/1PYpapqYn0Me2knFn+A==",
      "engines": {
        "node": ">=0.10.0"
      }
    },
    "node_modules/minimist": {
      "version": "1.2.8",
      "resolved": "https://npm.cartaxi.io/minimist/-/minimist-1.2.8.tgz",
      "integrity": "sha512-2yyAR8qBkN3YuheJanUpWC5U3bb5osDywNB8RzDVlDwDHbocAJveqqj1u8+SVD7jkWT4yvsHCpWqqWqAxb0zCA==",
      "funding": {
        "url": "https://github.com/sponsors/ljharb"
      }
    },
    "node_modules/wildcard-match": {
      "version": "5.1.3",
      "resolved": "https://npm.cartaxi.io/wildcard-match/-/wildcard-match-5.1.3.tgz",
      "integrity": "sha512-a95hPUk+BNzSGLntNXYxsjz2Hooi5oL7xOfJR6CKwSsSALh7vUNuTlzsrZowtYy38JNduYFRVhFv19ocqNOZlg=="
    },
    "node_modules/yaml": {
      "version": "2.6.1",
      "resolved": "https://npm.cartaxi.io/yaml/-/yaml-2.6.1.tgz",
      "integrity": "sha512-7r0XPzioN/Q9kXBro/XPnA6kznR73DHq+GXh5ON7ZozRO6aMjbmiBuKste2wslTFkC5d1dw0GooOCepZXJ2SAg==",
      "bin": {
        "yaml": "bin.mjs"
      },
      "engines": {
        "node": ">= 14"
      }
    }
  }
}
